// !$*UTF8*$!
{
	archiveVersion = 1;
	classes = {
	};
	objectVersion = 50;
	objects = {

/* Begin PBXBuildFile section */
		200DFBDF26B19C0F00662A4F /* APIManager.m in Sources */ = {isa = PBXBuildFile; fileRef = 200DFBDE26B19C0F00662A4F /* APIManager.m */; };
		200DFBE226B19E5A00662A4F /* Ticket.m in Sources */ = {isa = PBXBuildFile; fileRef = 200DFBE126B19E5A00662A4F /* Ticket.m */; };
		203A140426B387FB0087BF4C /* TicketsViewController.m in Sources */ = {isa = PBXBuildFile; fileRef = 203A140326B387FB0087BF4C /* TicketsViewController.m */; };
		2045FEDE26B50A8E00636198 /* MapViewController.m in Sources */ = {isa = PBXBuildFile; fileRef = 2045FEDD26B50A8E00636198 /* MapViewController.m */; };
		2045FEE226B50AE300636198 /* LocationService.m in Sources */ = {isa = PBXBuildFile; fileRef = 2045FEE126B50AE300636198 /* LocationService.m */; };
		2045FEE526B50CC700636198 /* MapPrice.m in Sources */ = {isa = PBXBuildFile; fileRef = 2045FEE426B50CC700636198 /* MapPrice.m */; };
		2050A65926A45D6A003A5DCB /* AppDelegate.m in Sources */ = {isa = PBXBuildFile; fileRef = 2050A65826A45D6A003A5DCB /* AppDelegate.m */; };
		2050A65C26A45D6A003A5DCB /* SceneDelegate.m in Sources */ = {isa = PBXBuildFile; fileRef = 2050A65B26A45D6A003A5DCB /* SceneDelegate.m */; };
		2050A66426A45D6B003A5DCB /* Assets.xcassets in Resources */ = {isa = PBXBuildFile; fileRef = 2050A66326A45D6B003A5DCB /* Assets.xcassets */; };
		2050A66726A45D6B003A5DCB /* LaunchScreen.storyboard in Resources */ = {isa = PBXBuildFile; fileRef = 2050A66526A45D6B003A5DCB /* LaunchScreen.storyboard */; };
		2050A66A26A45D6B003A5DCB /* main.m in Sources */ = {isa = PBXBuildFile; fileRef = 2050A66926A45D6B003A5DCB /* main.m */; };
		2053A40726B9732F00111EE4 /* TabBarController.m in Sources */ = {isa = PBXBuildFile; fileRef = 2053A40626B9732F00111EE4 /* TabBarController.m */; };
		207755E626B047D100DEFD44 /* PlaceTableViewCell.m in Sources */ = {isa = PBXBuildFile; fileRef = 207755E526B047D100DEFD44 /* PlaceTableViewCell.m */; };
		209AB65E26AC23B5005FF142 /* PlaceViewController.m in Sources */ = {isa = PBXBuildFile; fileRef = 209AB65D26AC23B5005FF142 /* PlaceViewController.m */; };
		209AB66126AC27A5005FF142 /* PlaceViewBuilder.m in Sources */ = {isa = PBXBuildFile; fileRef = 209AB66026AC27A5005FF142 /* PlaceViewBuilder.m */; };
		20A9CCFB26AF1D7A0087764C /* MViewController.m in Sources */ = {isa = PBXBuildFile; fileRef = 20A9CCFA26AF1D7A0087764C /* MViewController.m */; };
		20A9CCFE26AF1F7F0087764C /* MainViewControllerBuilder.m in Sources */ = {isa = PBXBuildFile; fileRef = 20A9CCFD26AF1F7F0087764C /* MainViewControllerBuilder.m */; };
		20B5E04E26A465E400F35E1B /* airports.json in Resources */ = {isa = PBXBuildFile; fileRef = 20B5E04B26A465E400F35E1B /* airports.json */; };
		20B5E04F26A465E400F35E1B /* countries.json in Resources */ = {isa = PBXBuildFile; fileRef = 20B5E04C26A465E400F35E1B /* countries.json */; };
		20B5E05026A465E400F35E1B /* cities.json in Resources */ = {isa = PBXBuildFile; fileRef = 20B5E04D26A465E400F35E1B /* cities.json */; };
		20B5E05826A46A2C00F35E1B /* Country.m in Sources */ = {isa = PBXBuildFile; fileRef = 20B5E05226A46A2C00F35E1B /* Country.m */; };
		20B5E05926A46A2C00F35E1B /* City.m in Sources */ = {isa = PBXBuildFile; fileRef = 20B5E05326A46A2C00F35E1B /* City.m */; };
		20B5E05A26A46A2C00F35E1B /* Airport.m in Sources */ = {isa = PBXBuildFile; fileRef = 20B5E05426A46A2C00F35E1B /* Airport.m */; };
		20B5E06126A46B6300F35E1B /* DataManager.m in Sources */ = {isa = PBXBuildFile; fileRef = 20B5E06026A46B6300F35E1B /* DataManager.m */; };
/* End PBXBuildFile section */

/* Begin PBXFileReference section */
		200DFBDD26B19C0F00662A4F /* APIManager.h */ = {isa = PBXFileReference; lastKnownFileType = sourcecode.c.h; path = APIManager.h; sourceTree = "<group>"; };
		200DFBDE26B19C0F00662A4F /* APIManager.m */ = {isa = PBXFileReference; lastKnownFileType = sourcecode.c.objc; path = APIManager.m; sourceTree = "<group>"; };
		200DFBE026B19E5A00662A4F /* Ticket.h */ = {isa = PBXFileReference; lastKnownFileType = sourcecode.c.h; path = Ticket.h; sourceTree = "<group>"; };
		200DFBE126B19E5A00662A4F /* Ticket.m */ = {isa = PBXFileReference; lastKnownFileType = sourcecode.c.objc; path = Ticket.m; sourceTree = "<group>"; };
		203A140226B387FB0087BF4C /* TicketsViewController.h */ = {isa = PBXFileReference; lastKnownFileType = sourcecode.c.h; path = TicketsViewController.h; sourceTree = "<group>"; };
		203A140326B387FB0087BF4C /* TicketsViewController.m */ = {isa = PBXFileReference; lastKnownFileType = sourcecode.c.objc; path = TicketsViewController.m; sourceTree = "<group>"; };
		2045FEDC26B50A8E00636198 /* MapViewController.h */ = {isa = PBXFileReference; lastKnownFileType = sourcecode.c.h; path = MapViewController.h; sourceTree = "<group>"; };
		2045FEDD26B50A8E00636198 /* MapViewController.m */ = {isa = PBXFileReference; lastKnownFileType = sourcecode.c.objc; path = MapViewController.m; sourceTree = "<group>"; };
		2045FEE026B50AE300636198 /* LocationService.h */ = {isa = PBXFileReference; lastKnownFileType = sourcecode.c.h; path = LocationService.h; sourceTree = "<group>"; };
		2045FEE126B50AE300636198 /* LocationService.m */ = {isa = PBXFileReference; lastKnownFileType = sourcecode.c.objc; path = LocationService.m; sourceTree = "<group>"; };
		2045FEE326B50CC700636198 /* MapPrice.h */ = {isa = PBXFileReference; lastKnownFileType = sourcecode.c.h; path = MapPrice.h; sourceTree = "<group>"; };
		2045FEE426B50CC700636198 /* MapPrice.m */ = {isa = PBXFileReference; lastKnownFileType = sourcecode.c.objc; path = MapPrice.m; sourceTree = "<group>"; };
		2050A65426A45D6A003A5DCB /* AirTickets.app */ = {isa = PBXFileReference; explicitFileType = wrapper.application; includeInIndex = 0; path = AirTickets.app; sourceTree = BUILT_PRODUCTS_DIR; };
		2050A65726A45D6A003A5DCB /* AppDelegate.h */ = {isa = PBXFileReference; lastKnownFileType = sourcecode.c.h; path = AppDelegate.h; sourceTree = "<group>"; };
		2050A65826A45D6A003A5DCB /* AppDelegate.m */ = {isa = PBXFileReference; lastKnownFileType = sourcecode.c.objc; path = AppDelegate.m; sourceTree = "<group>"; };
		2050A65A26A45D6A003A5DCB /* SceneDelegate.h */ = {isa = PBXFileReference; lastKnownFileType = sourcecode.c.h; path = SceneDelegate.h; sourceTree = "<group>"; };
		2050A65B26A45D6A003A5DCB /* SceneDelegate.m */ = {isa = PBXFileReference; lastKnownFileType = sourcecode.c.objc; path = SceneDelegate.m; sourceTree = "<group>"; };
		2050A66326A45D6B003A5DCB /* Assets.xcassets */ = {isa = PBXFileReference; lastKnownFileType = folder.assetcatalog; path = Assets.xcassets; sourceTree = "<group>"; };
		2050A66626A45D6B003A5DCB /* Base */ = {isa = PBXFileReference; lastKnownFileType = file.storyboard; name = Base; path = Base.lproj/LaunchScreen.storyboard; sourceTree = "<group>"; };
		2050A66826A45D6B003A5DCB /* Info.plist */ = {isa = PBXFileReference; lastKnownFileType = text.plist.xml; path = Info.plist; sourceTree = "<group>"; };
		2050A66926A45D6B003A5DCB /* main.m */ = {isa = PBXFileReference; lastKnownFileType = sourcecode.c.objc; path = main.m; sourceTree = "<group>"; };
		2053A40526B9732F00111EE4 /* TabBarController.h */ = {isa = PBXFileReference; lastKnownFileType = sourcecode.c.h; path = TabBarController.h; sourceTree = "<group>"; };
		2053A40626B9732F00111EE4 /* TabBarController.m */ = {isa = PBXFileReference; lastKnownFileType = sourcecode.c.objc; path = TabBarController.m; sourceTree = "<group>"; };
		207755E026B03ADB00DEFD44 /* Constants.h */ = {isa = PBXFileReference; lastKnownFileType = sourcecode.c.h; path = Constants.h; sourceTree = "<group>"; };
		207755E426B047D100DEFD44 /* PlaceTableViewCell.h */ = {isa = PBXFileReference; lastKnownFileType = sourcecode.c.h; path = PlaceTableViewCell.h; sourceTree = "<group>"; };
		207755E526B047D100DEFD44 /* PlaceTableViewCell.m */ = {isa = PBXFileReference; lastKnownFileType = sourcecode.c.objc; path = PlaceTableViewCell.m; sourceTree = "<group>"; };
		207755E726B04E2400DEFD44 /* DataViewModel.h */ = {isa = PBXFileReference; lastKnownFileType = sourcecode.c.h; path = DataViewModel.h; sourceTree = "<group>"; };
		209AB65C26AC23B5005FF142 /* PlaceViewController.h */ = {isa = PBXFileReference; lastKnownFileType = sourcecode.c.h; path = PlaceViewController.h; sourceTree = "<group>"; };
		209AB65D26AC23B5005FF142 /* PlaceViewController.m */ = {isa = PBXFileReference; lastKnownFileType = sourcecode.c.objc; path = PlaceViewController.m; sourceTree = "<group>"; };
		209AB65F26AC27A5005FF142 /* PlaceViewBuilder.h */ = {isa = PBXFileReference; lastKnownFileType = sourcecode.c.h; path = PlaceViewBuilder.h; sourceTree = "<group>"; };
		209AB66026AC27A5005FF142 /* PlaceViewBuilder.m */ = {isa = PBXFileReference; lastKnownFileType = sourcecode.c.objc; path = PlaceViewBuilder.m; sourceTree = "<group>"; };
		20A9CCF926AF1D7A0087764C /* MViewController.h */ = {isa = PBXFileReference; lastKnownFileType = sourcecode.c.h; path = MViewController.h; sourceTree = "<group>"; };
		20A9CCFA26AF1D7A0087764C /* MViewController.m */ = {isa = PBXFileReference; lastKnownFileType = sourcecode.c.objc; path = MViewController.m; sourceTree = "<group>"; };
		20A9CCFC26AF1F7F0087764C /* MainViewControllerBuilder.h */ = {isa = PBXFileReference; lastKnownFileType = sourcecode.c.h; path = MainViewControllerBuilder.h; sourceTree = "<group>"; };
		20A9CCFD26AF1F7F0087764C /* MainViewControllerBuilder.m */ = {isa = PBXFileReference; lastKnownFileType = sourcecode.c.objc; path = MainViewControllerBuilder.m; sourceTree = "<group>"; };
		20B5E04B26A465E400F35E1B /* airports.json */ = {isa = PBXFileReference; fileEncoding = 4; lastKnownFileType = text.json; path = airports.json; sourceTree = "<group>"; };
		20B5E04C26A465E400F35E1B /* countries.json */ = {isa = PBXFileReference; fileEncoding = 4; lastKnownFileType = text.json; path = countries.json; sourceTree = "<group>"; };
		20B5E04D26A465E400F35E1B /* cities.json */ = {isa = PBXFileReference; fileEncoding = 4; lastKnownFileType = text.json; path = cities.json; sourceTree = "<group>"; };
		20B5E05226A46A2C00F35E1B /* Country.m */ = {isa = PBXFileReference; fileEncoding = 4; lastKnownFileType = sourcecode.c.objc; path = Country.m; sourceTree = "<group>"; };
		20B5E05326A46A2C00F35E1B /* City.m */ = {isa = PBXFileReference; fileEncoding = 4; lastKnownFileType = sourcecode.c.objc; path = City.m; sourceTree = "<group>"; };
		20B5E05426A46A2C00F35E1B /* Airport.m */ = {isa = PBXFileReference; fileEncoding = 4; lastKnownFileType = sourcecode.c.objc; path = Airport.m; sourceTree = "<group>"; };
		20B5E05526A46A2C00F35E1B /* City.h */ = {isa = PBXFileReference; fileEncoding = 4; lastKnownFileType = sourcecode.c.h; path = City.h; sourceTree = "<group>"; };
		20B5E05626A46A2C00F35E1B /* Airport.h */ = {isa = PBXFileReference; fileEncoding = 4; lastKnownFileType = sourcecode.c.h; path = Airport.h; sourceTree = "<group>"; };
		20B5E05726A46A2C00F35E1B /* Country.h */ = {isa = PBXFileReference; fileEncoding = 4; lastKnownFileType = sourcecode.c.h; path = Country.h; sourceTree = "<group>"; };
		20B5E05F26A46B6300F35E1B /* DataManager.h */ = {isa = PBXFileReference; lastKnownFileType = sourcecode.c.h; path = DataManager.h; sourceTree = "<group>"; };
		20B5E06026A46B6300F35E1B /* DataManager.m */ = {isa = PBXFileReference; lastKnownFileType = sourcecode.c.objc; path = DataManager.m; sourceTree = "<group>"; };
/* End PBXFileReference section */

/* Begin PBXFrameworksBuildPhase section */
		2050A65126A45D6A003A5DCB /* Frameworks */ = {
			isa = PBXFrameworksBuildPhase;
			buildActionMask = 2147483647;
			files = (
			);
			runOnlyForDeploymentPostprocessing = 0;
		};
/* End PBXFrameworksBuildPhase section */

/* Begin PBXGroup section */
		200DFBDC26B19BDE00662A4F /* APIManager */ = {
			isa = PBXGroup;
			children = (
				200DFBDD26B19C0F00662A4F /* APIManager.h */,
				200DFBDE26B19C0F00662A4F /* APIManager.m */,
			);
			path = APIManager;
			sourceTree = "<group>";
		};
		203A140126B387C20087BF4C /* TicketsViewController */ = {
			isa = PBXGroup;
			children = (
				203A140226B387FB0087BF4C /* TicketsViewController.h */,
				203A140326B387FB0087BF4C /* TicketsViewController.m */,
			);
			path = TicketsViewController;
			sourceTree = "<group>";
		};
		2045FEDB26B50A7500636198 /* MapViewController */ = {
			isa = PBXGroup;
			children = (
				2045FEDC26B50A8E00636198 /* MapViewController.h */,
				2045FEDD26B50A8E00636198 /* MapViewController.m */,
			);
			path = MapViewController;
			sourceTree = "<group>";
		};
		2045FEDF26B50ACA00636198 /* LocationService */ = {
			isa = PBXGroup;
			children = (
				2045FEE026B50AE300636198 /* LocationService.h */,
				2045FEE126B50AE300636198 /* LocationService.m */,
			);
			path = LocationService;
			sourceTree = "<group>";
		};
		2048AA7A26B1A4CA0023B435 /* Service */ = {
			isa = PBXGroup;
			children = (
				2045FEDF26B50ACA00636198 /* LocationService */,
				200DFBDC26B19BDE00662A4F /* APIManager */,
				20B5E05E26A46AB700F35E1B /* DataManager */,
			);
			path = Service;
			sourceTree = "<group>";
		};
		2048AA7C26B1A4FD0023B435 /* ViewControllers */ = {
			isa = PBXGroup;
			children = (
				2053A40426B972F700111EE4 /* TabBarController */,
				2045FEDB26B50A7500636198 /* MapViewController */,
				203A140126B387C20087BF4C /* TicketsViewController */,
				209AB65B26AC2377005FF142 /* PlaceViewControoller */,
				20B5E05C26A46A8E00F35E1B /* MainViewController */,
			);
			path = ViewControllers;
			sourceTree = "<group>";
		};
		2050A64B26A45D6A003A5DCB = {
			isa = PBXGroup;
			children = (
				2050A65626A45D6A003A5DCB /* AirTickets */,
				2050A65526A45D6A003A5DCB /* Products */,
			);
			sourceTree = "<group>";
		};
		2050A65526A45D6A003A5DCB /* Products */ = {
			isa = PBXGroup;
			children = (
				2050A65426A45D6A003A5DCB /* AirTickets.app */,
			);
			name = Products;
			sourceTree = "<group>";
		};
		2050A65626A45D6A003A5DCB /* AirTickets */ = {
			isa = PBXGroup;
			children = (
				2048AA7C26B1A4FD0023B435 /* ViewControllers */,
				2048AA7A26B1A4CA0023B435 /* Service */,
				207755E326B0477800DEFD44 /* TableViewCells */,
				207755DF26B03AAE00DEFD44 /* Constants */,
				20B5E05126A469E700F35E1B /* Model */,
				2050A67026A46167003A5DCB /* DataJSON */,
				20B5E05B26A46A5600F35E1B /* System */,
				2050A66326A45D6B003A5DCB /* Assets.xcassets */,
				2050A66826A45D6B003A5DCB /* Info.plist */,
			);
			path = AirTickets;
			sourceTree = "<group>";
		};
		2050A67026A46167003A5DCB /* DataJSON */ = {
			isa = PBXGroup;
			children = (
				20B5E04B26A465E400F35E1B /* airports.json */,
				20B5E04D26A465E400F35E1B /* cities.json */,
				20B5E04C26A465E400F35E1B /* countries.json */,
			);
			path = DataJSON;
			sourceTree = "<group>";
		};
		2053A40426B972F700111EE4 /* TabBarController */ = {
			isa = PBXGroup;
			children = (
				2053A40526B9732F00111EE4 /* TabBarController.h */,
				2053A40626B9732F00111EE4 /* TabBarController.m */,
			);
			path = TabBarController;
			sourceTree = "<group>";
		};
		207755DF26B03AAE00DEFD44 /* Constants */ = {
			isa = PBXGroup;
			children = (
				207755E026B03ADB00DEFD44 /* Constants.h */,
			);
			path = Constants;
			sourceTree = "<group>";
		};
		207755E326B0477800DEFD44 /* TableViewCells */ = {
			isa = PBXGroup;
			children = (
				207755E426B047D100DEFD44 /* PlaceTableViewCell.h */,
				207755E526B047D100DEFD44 /* PlaceTableViewCell.m */,
			);
			path = TableViewCells;
			sourceTree = "<group>";
		};
		209AB65B26AC2377005FF142 /* PlaceViewControoller */ = {
			isa = PBXGroup;
			children = (
				209AB65C26AC23B5005FF142 /* PlaceViewController.h */,
				209AB65D26AC23B5005FF142 /* PlaceViewController.m */,
				209AB65F26AC27A5005FF142 /* PlaceViewBuilder.h */,
				209AB66026AC27A5005FF142 /* PlaceViewBuilder.m */,
			);
			path = PlaceViewControoller;
			sourceTree = "<group>";
		};
		20B5E05126A469E700F35E1B /* Model */ = {
			isa = PBXGroup;
			children = (
				20B5E05626A46A2C00F35E1B /* Airport.h */,
				20B5E05426A46A2C00F35E1B /* Airport.m */,
				20B5E05526A46A2C00F35E1B /* City.h */,
				20B5E05326A46A2C00F35E1B /* City.m */,
				20B5E05726A46A2C00F35E1B /* Country.h */,
				20B5E05226A46A2C00F35E1B /* Country.m */,
				207755E726B04E2400DEFD44 /* DataViewModel.h */,
				2045FEE326B50CC700636198 /* MapPrice.h */,
				2045FEE426B50CC700636198 /* MapPrice.m */,
				200DFBE026B19E5A00662A4F /* Ticket.h */,
				200DFBE126B19E5A00662A4F /* Ticket.m */,
			);
			path = Model;
			sourceTree = "<group>";
		};
		20B5E05B26A46A5600F35E1B /* System */ = {
			isa = PBXGroup;
			children = (
				2050A66926A45D6B003A5DCB /* main.m */,
				2050A66526A45D6B003A5DCB /* LaunchScreen.storyboard */,
				2050A65726A45D6A003A5DCB /* AppDelegate.h */,
				2050A65826A45D6A003A5DCB /* AppDelegate.m */,
				2050A65A26A45D6A003A5DCB /* SceneDelegate.h */,
				2050A65B26A45D6A003A5DCB /* SceneDelegate.m */,
			);
			path = System;
			sourceTree = "<group>";
		};
		20B5E05C26A46A8E00F35E1B /* MainViewController */ = {
			isa = PBXGroup;
			children = (
				20A9CCF926AF1D7A0087764C /* MViewController.h */,
				20A9CCFA26AF1D7A0087764C /* MViewController.m */,
				20A9CCFC26AF1F7F0087764C /* MainViewControllerBuilder.h */,
				20A9CCFD26AF1F7F0087764C /* MainViewControllerBuilder.m */,
			);
			path = MainViewController;
			sourceTree = "<group>";
		};
		20B5E05E26A46AB700F35E1B /* DataManager */ = {
			isa = PBXGroup;
			children = (
				20B5E05F26A46B6300F35E1B /* DataManager.h */,
				20B5E06026A46B6300F35E1B /* DataManager.m */,
			);
			path = DataManager;
			sourceTree = "<group>";
		};
/* End PBXGroup section */

/* Begin PBXNativeTarget section */
		2050A65326A45D6A003A5DCB /* AirTickets */ = {
			isa = PBXNativeTarget;
			buildConfigurationList = 2050A66D26A45D6B003A5DCB /* Build configuration list for PBXNativeTarget "AirTickets" */;
			buildPhases = (
				2050A65026A45D6A003A5DCB /* Sources */,
				2050A65126A45D6A003A5DCB /* Frameworks */,
				2050A65226A45D6A003A5DCB /* Resources */,
			);
			buildRules = (
			);
			dependencies = (
			);
			name = AirTickets;
			productName = AirTickets;
			productReference = 2050A65426A45D6A003A5DCB /* AirTickets.app */;
			productType = "com.apple.product-type.application";
		};
/* End PBXNativeTarget section */

/* Begin PBXProject section */
		2050A64C26A45D6A003A5DCB /* Project object */ = {
			isa = PBXProject;
			attributes = {
				LastUpgradeCheck = 1250;
				TargetAttributes = {
					2050A65326A45D6A003A5DCB = {
						CreatedOnToolsVersion = 12.5;
					};
				};
			};
			buildConfigurationList = 2050A64F26A45D6A003A5DCB /* Build configuration list for PBXProject "AirTickets" */;
			compatibilityVersion = "Xcode 9.3";
			developmentRegion = en;
			hasScannedForEncodings = 0;
			knownRegions = (
				en,
				Base,
			);
			mainGroup = 2050A64B26A45D6A003A5DCB;
			productRefGroup = 2050A65526A45D6A003A5DCB /* Products */;
			projectDirPath = "";
			projectRoot = "";
			targets = (
				2050A65326A45D6A003A5DCB /* AirTickets */,
			);
		};
/* End PBXProject section */

/* Begin PBXResourcesBuildPhase section */
		2050A65226A45D6A003A5DCB /* Resources */ = {
			isa = PBXResourcesBuildPhase;
			buildActionMask = 2147483647;
			files = (
				2050A66726A45D6B003A5DCB /* LaunchScreen.storyboard in Resources */,
				20B5E05026A465E400F35E1B /* cities.json in Resources */,
				2050A66426A45D6B003A5DCB /* Assets.xcassets in Resources */,
				20B5E04F26A465E400F35E1B /* countries.json in Resources */,
				20B5E04E26A465E400F35E1B /* airports.json in Resources */,
			);
			runOnlyForDeploymentPostprocessing = 0;
		};
/* End PBXResourcesBuildPhase section */

/* Begin PBXSourcesBuildPhase section */
		2050A65026A45D6A003A5DCB /* Sources */ = {
			isa = PBXSourcesBuildPhase;
			buildActionMask = 2147483647;
			files = (
				20A9CCFE26AF1F7F0087764C /* MainViewControllerBuilder.m in Sources */,
				2045FEE226B50AE300636198 /* LocationService.m in Sources */,
				209AB65E26AC23B5005FF142 /* PlaceViewController.m in Sources */,
				2053A40726B9732F00111EE4 /* TabBarController.m in Sources */,
				2050A65926A45D6A003A5DCB /* AppDelegate.m in Sources */,
				20B5E05A26A46A2C00F35E1B /* Airport.m in Sources */,
				20B5E05926A46A2C00F35E1B /* City.m in Sources */,
				2050A66A26A45D6B003A5DCB /* main.m in Sources */,
				20B5E06126A46B6300F35E1B /* DataManager.m in Sources */,
				200DFBE226B19E5A00662A4F /* Ticket.m in Sources */,
				20A9CCFB26AF1D7A0087764C /* MViewController.m in Sources */,
				2050A65C26A45D6A003A5DCB /* SceneDelegate.m in Sources */,
				200DFBDF26B19C0F00662A4F /* APIManager.m in Sources */,
				2045FEE526B50CC700636198 /* MapPrice.m in Sources */,
				2045FEDE26B50A8E00636198 /* MapViewController.m in Sources */,
				203A140426B387FB0087BF4C /* TicketsViewController.m in Sources */,
				209AB66126AC27A5005FF142 /* PlaceViewBuilder.m in Sources */,
				20B5E05826A46A2C00F35E1B /* Country.m in Sources */,
				207755E626B047D100DEFD44 /* PlaceTableViewCell.m in Sources */,
			);
			runOnlyForDeploymentPostprocessing = 0;
		};
/* End PBXSourcesBuildPhase section */

/* Begin PBXVariantGroup section */
		2050A66526A45D6B003A5DCB /* LaunchScreen.storyboard */ = {
			isa = PBXVariantGroup;
			children = (
				2050A66626A45D6B003A5DCB /* Base */,
			);
			name = LaunchScreen.storyboard;
			sourceTree = "<group>";
		};
/* End PBXVariantGroup section */

/* Begin XCBuildConfiguration section */
		2050A66B26A45D6B003A5DCB /* Debug */ = {
			isa = XCBuildConfiguration;
			buildSettings = {
				ALWAYS_SEARCH_USER_PATHS = NO;
				CLANG_ANALYZER_NONNULL = YES;
				CLANG_ANALYZER_NUMBER_OBJECT_CONVERSION = YES_AGGRESSIVE;
				CLANG_CXX_LANGUAGE_STANDARD = "gnu++14";
				CLANG_CXX_LIBRARY = "libc++";
				CLANG_ENABLE_MODULES = YES;
				CLANG_ENABLE_OBJC_ARC = YES;
				CLANG_ENABLE_OBJC_WEAK = YES;
				CLANG_WARN_BLOCK_CAPTURE_AUTORELEASING = YES;
				CLANG_WARN_BOOL_CONVERSION = YES;
				CLANG_WARN_COMMA = YES;
				CLANG_WARN_CONSTANT_CONVERSION = YES;
				CLANG_WARN_DEPRECATED_OBJC_IMPLEMENTATIONS = YES;
				CLANG_WARN_DIRECT_OBJC_ISA_USAGE = YES_ERROR;
				CLANG_WARN_DOCUMENTATION_COMMENTS = YES;
				CLANG_WARN_EMPTY_BODY = YES;
				CLANG_WARN_ENUM_CONVERSION = YES;
				CLANG_WARN_INFINITE_RECURSION = YES;
				CLANG_WARN_INT_CONVERSION = YES;
				CLANG_WARN_NON_LITERAL_NULL_CONVERSION = YES;
				CLANG_WARN_OBJC_IMPLICIT_RETAIN_SELF = YES;
				CLANG_WARN_OBJC_LITERAL_CONVERSION = YES;
				CLANG_WARN_OBJC_ROOT_CLASS = YES_ERROR;
				CLANG_WARN_QUOTED_INCLUDE_IN_FRAMEWORK_HEADER = YES;
				CLANG_WARN_RANGE_LOOP_ANALYSIS = YES;
				CLANG_WARN_STRICT_PROTOTYPES = YES;
				CLANG_WARN_SUSPICIOUS_MOVE = YES;
				CLANG_WARN_UNGUARDED_AVAILABILITY = YES_AGGRESSIVE;
				CLANG_WARN_UNREACHABLE_CODE = YES;
				CLANG_WARN__DUPLICATE_METHOD_MATCH = YES;
				COPY_PHASE_STRIP = NO;
				DEBUG_INFORMATION_FORMAT = dwarf;
				ENABLE_STRICT_OBJC_MSGSEND = YES;
				ENABLE_TESTABILITY = YES;
				GCC_C_LANGUAGE_STANDARD = gnu11;
				GCC_DYNAMIC_NO_PIC = NO;
				GCC_NO_COMMON_BLOCKS = YES;
				GCC_OPTIMIZATION_LEVEL = 0;
				GCC_PREPROCESSOR_DEFINITIONS = (
					"DEBUG=1",
					"$(inherited)",
				);
				GCC_WARN_64_TO_32_BIT_CONVERSION = YES;
				GCC_WARN_ABOUT_RETURN_TYPE = YES_ERROR;
				GCC_WARN_UNDECLARED_SELECTOR = YES;
				GCC_WARN_UNINITIALIZED_AUTOS = YES_AGGRESSIVE;
				GCC_WARN_UNUSED_FUNCTION = YES;
				GCC_WARN_UNUSED_VARIABLE = YES;
				IPHONEOS_DEPLOYMENT_TARGET = 14.5;
				MTL_ENABLE_DEBUG_INFO = INCLUDE_SOURCE;
				MTL_FAST_MATH = YES;
				ONLY_ACTIVE_ARCH = YES;
				SDKROOT = iphoneos;
			};
			name = Debug;
		};
		2050A66C26A45D6B003A5DCB /* Release */ = {
			isa = XCBuildConfiguration;
			buildSettings = {
				ALWAYS_SEARCH_USER_PATHS = NO;
				CLANG_ANALYZER_NONNULL = YES;
				CLANG_ANALYZER_NUMBER_OBJECT_CONVERSION = YES_AGGRESSIVE;
				CLANG_CXX_LANGUAGE_STANDARD = "gnu++14";
				CLANG_CXX_LIBRARY = "libc++";
				CLANG_ENABLE_MODULES = YES;
				CLANG_ENABLE_OBJC_ARC = YES;
				CLANG_ENABLE_OBJC_WEAK = YES;
				CLANG_WARN_BLOCK_CAPTURE_AUTORELEASING = YES;
				CLANG_WARN_BOOL_CONVERSION = YES;
				CLANG_WARN_COMMA = YES;
				CLANG_WARN_CONSTANT_CONVERSION = YES;
				CLANG_WARN_DEPRECATED_OBJC_IMPLEMENTATIONS = YES;
				CLANG_WARN_DIRECT_OBJC_ISA_USAGE = YES_ERROR;
				CLANG_WARN_DOCUMENTATION_COMMENTS = YES;
				CLANG_WARN_EMPTY_BODY = YES;
				CLANG_WARN_ENUM_CONVERSION = YES;
				CLANG_WARN_INFINITE_RECURSION = YES;
				CLANG_WARN_INT_CONVERSION = YES;
				CLANG_WARN_NON_LITERAL_NULL_CONVERSION = YES;
				CLANG_WARN_OBJC_IMPLICIT_RETAIN_SELF = YES;
				CLANG_WARN_OBJC_LITERAL_CONVERSION = YES;
				CLANG_WARN_OBJC_ROOT_CLASS = YES_ERROR;
				CLANG_WARN_QUOTED_INCLUDE_IN_FRAMEWORK_HEADER = YES;
				CLANG_WARN_RANGE_LOOP_ANALYSIS = YES;
				CLANG_WARN_STRICT_PROTOTYPES = YES;
				CLANG_WARN_SUSPICIOUS_MOVE = YES;
				CLANG_WARN_UNGUARDED_AVAILABILITY = YES_AGGRESSIVE;
				CLANG_WARN_UNREACHABLE_CODE = YES;
				CLANG_WARN__DUPLICATE_METHOD_MATCH = YES;
				COPY_PHASE_STRIP = NO;
				DEBUG_INFORMATION_FORMAT = "dwarf-with-dsym";
				ENABLE_NS_ASSERTIONS = NO;
				ENABLE_STRICT_OBJC_MSGSEND = YES;
				GCC_C_LANGUAGE_STANDARD = gnu11;
				GCC_NO_COMMON_BLOCKS = YES;
				GCC_WARN_64_TO_32_BIT_CONVERSION = YES;
				GCC_WARN_ABOUT_RETURN_TYPE = YES_ERROR;
				GCC_WARN_UNDECLARED_SELECTOR = YES;
				GCC_WARN_UNINITIALIZED_AUTOS = YES_AGGRESSIVE;
				GCC_WARN_UNUSED_FUNCTION = YES;
				GCC_WARN_UNUSED_VARIABLE = YES;
				IPHONEOS_DEPLOYMENT_TARGET = 14.5;
				MTL_ENABLE_DEBUG_INFO = NO;
				MTL_FAST_MATH = YES;
				SDKROOT = iphoneos;
				VALIDATE_PRODUCT = YES;
			};
			name = Release;
		};
		2050A66E26A45D6B003A5DCB /* Debug */ = {
			isa = XCBuildConfiguration;
			buildSettings = {
				ASSETCATALOG_COMPILER_APPICON_NAME = AppIcon;
				ASSETCATALOG_COMPILER_GLOBAL_ACCENT_COLOR_NAME = AccentColor;
				CODE_SIGN_STYLE = Automatic;
				DEVELOPMENT_TEAM = ZMX77LFT7B;
				INFOPLIST_FILE = AirTickets/Info.plist;
				LD_RUNPATH_SEARCH_PATHS = (
					"$(inherited)",
					"@executable_path/Frameworks",
				);
				PRODUCT_BUNDLE_IDENTIFIER = my.app.AirTickets;
				PRODUCT_NAME = "$(TARGET_NAME)";
				TARGETED_DEVICE_FAMILY = "1,2";
			};
			name = Debug;
		};
		2050A66F26A45D6B003A5DCB /* Release */ = {
			isa = XCBuildConfiguration;
			buildSettings = {
				ASSETCATALOG_COMPILER_APPICON_NAME = AppIcon;
				ASSETCATALOG_COMPILER_GLOBAL_ACCENT_COLOR_NAME = AccentColor;
				CODE_SIGN_STYLE = Automatic;
				DEVELOPMENT_TEAM = ZMX77LFT7B;
				INFOPLIST_FILE = AirTickets/Info.plist;
				LD_RUNPATH_SEARCH_PATHS = (
					"$(inherited)",
					"@executable_path/Frameworks",
				);
				PRODUCT_BUNDLE_IDENTIFIER = my.app.AirTickets;
				PRODUCT_NAME = "$(TARGET_NAME)";
				TARGETED_DEVICE_FAMILY = "1,2";
			};
			name = Release;
		};
/* End XCBuildConfiguration section */

/* Begin XCConfigurationList section */
		2050A64F26A45D6A003A5DCB /* Build configuration list for PBXProject "AirTickets" */ = {
			isa = XCConfigurationList;
			buildConfigurations = (
				2050A66B26A45D6B003A5DCB /* Debug */,
				2050A66C26A45D6B003A5DCB /* Release */,
			);
			defaultConfigurationIsVisible = 0;
			defaultConfigurationName = Release;
		};
		2050A66D26A45D6B003A5DCB /* Build configuration list for PBXNativeTarget "AirTickets" */ = {
			isa = XCConfigurationList;
			buildConfigurations = (
				2050A66E26A45D6B003A5DCB /* Debug */,
				2050A66F26A45D6B003A5DCB /* Release */,
			);
			defaultConfigurationIsVisible = 0;
			defaultConfigurationName = Release;
		};
/* End XCConfigurationList section */
	};
	rootObject = 2050A64C26A45D6A003A5DCB /* Project object */;
}
